<?xml version="1.0" encoding="utf-8"?>
<Project ToolsVersion="4.0" xmlns="http://schemas.microsoft.com/developer/msbuild/2003">
  <ItemGroup>
    <Filter Include="include">
      <UniqueIdentifier>{89AF369E-F58E-B539-FEA6-40106A051C9B}</UniqueIdentifier>
    </Filter>
    <Filter Include="include\GLFW">
      <UniqueIdentifier>{6888C969-54EB-580E-FD70-91C4E9B22491}</UniqueIdentifier>
    </Filter>
    <Filter Include="include\KHR">
      <UniqueIdentifier>{7D5AC031-E90F-3927-7204-33FEDEB82F2B}</UniqueIdentifier>
    </Filter>
    <Filter Include="include\freetype">
      <UniqueIdentifier>{5C38541D-4831-736F-7163-58F45DBB527B}</UniqueIdentifier>
    </Filter>
    <Filter Include="include\freetype\config">
      <UniqueIdentifier>{014804B6-6D7F-4C4D-7689-B070E23F7346}</UniqueIdentifier>
    </Filter>
    <Filter Include="include\freetype\internal">
      <UniqueIdentifier>{2802B992-94C4-EC1C-DD74-7BA94976C5FA}</UniqueIdentifier>
    </Filter>
    <Filter Include="include\freetype\internal\services">
      <UniqueIdentifier>{1BF1455F-072D-49C9-703F-61C05C9AF1E3}</UniqueIdentifier>
    </Filter>
    <Filter Include="include\glad">
      <UniqueIdentifier>{30A0DB69-1C03-6B0E-C588-A3C4B1CA3691}</UniqueIdentifier>
    </Filter>
    <Filter Include="include\glm">
      <UniqueIdentifier>{58D6C031-C48B-3927-4D80-33FEB934302B}</UniqueIdentifier>
    </Filter>
    <Filter Include="include\glm\detail">
      <UniqueIdentifier>{1A3BEF0A-061F-B060-6F7F-AAB35B829AE2}</UniqueIdentifier>
    </Filter>
    <Filter Include="include\glm\gtc">
      <UniqueIdentifier>{A5CD8F38-1159-FDFC-1A6A-80F1867459FD}</UniqueIdentifier>
    </Filter>
    <Filter Include="include\glm\gtx">
      <UniqueIdentifier>{BACD8F38-2659-FDFC-2F6A-80F19B7459FD}</UniqueIdentifier>
    </Filter>
    <Filter Include="include\glm\out">
      <UniqueIdentifier>{DFEF8F38-4B7B-FDFC-548C-80F1C09659FD}</UniqueIdentifier>
    </Filter>
    <Filter Include="include\glm\out\build">
      <UniqueIdentifier>{5EE75349-CA53-0F44-9347-A7A1FF7231AC}</UniqueIdentifier>
    </Filter>
    <Filter Include="include\glm\out\build\x64-Debug">
      <UniqueIdentifier>{43CAA72B-AFAD-B66B-B8B0-E4A724137DBC}</UniqueIdentifier>
    </Filter>
    <Filter Include="include\glm\out\build\x64-Debug\CMakeFiles">
      <UniqueIdentifier>{A66F2E43-92D7-F410-FB42-0927E7C90BFD}</UniqueIdentifier>
    </Filter>
    <Filter Include="include\glm\out\build\x64-Debug\CMakeFiles\ShowIncludes">
      <UniqueIdentifier>{AD0420A9-19EC-0A9F-22DA-0C1B8E40AE61}</UniqueIdentifier>
    </Filter>
    <Filter Include="include\sigslot">
      <UniqueIdentifier>{3DF803CD-A983-7191-B294-F4851E9FCD91}</UniqueIdentifier>
    </Filter>
    <Filter Include="src">
      <UniqueIdentifier>{2DAB880B-99B4-887C-2230-9F7C8E38947C}</UniqueIdentifier>
    </Filter>
  </ItemGroup>
  <ItemGroup>
    <ClInclude Include="include\GLFW\glfw3.h">
      <Filter>include\GLFW</Filter>
    </ClInclude>
    <ClInclude Include="include\GLFW\glfw3native.h">
      <Filter>include\GLFW</Filter>
    </ClInclude>
    <ClInclude Include="include\KHR\khrplatform.h">
      <Filter>include\KHR</Filter>
    </ClInclude>
    <ClInclude Include="include\Shader.h">
      <Filter>include</Filter>
    </ClInclude>
    <ClInclude Include="include\ShapeRenderer.h">
      <Filter>include</Filter>
    </ClInclude>
    <ClInclude Include="include\TextRenderer.h">
      <Filter>include</Filter>
    </ClInclude>
    <ClInclude Include="include\Widget.h">
      <Filter>include</Filter>
    </ClInclude>
    <ClInclude Include="include\freetype\config\ftconfig.h">
      <Filter>include\freetype\config</Filter>
    </ClInclude>
    <ClInclude Include="include\freetype\config\ftheader.h">
      <Filter>include\freetype\config</Filter>
    </ClInclude>
    <ClInclude Include="include\freetype\config\ftmodule.h">
      <Filter>include\freetype\config</Filter>
    </ClInclude>
    <ClInclude Include="include\freetype\config\ftoption.h">
      <Filter>include\freetype\config</Filter>
    </ClInclude>
    <ClInclude Include="include\freetype\config\ftstdlib.h">
      <Filter>include\freetype\config</Filter>
    </ClInclude>
    <ClInclude Include="include\freetype\freetype.h">
      <Filter>include\freetype</Filter>
    </ClInclude>
    <ClInclude Include="include\freetype\ftadvanc.h">
      <Filter>include\freetype</Filter>
    </ClInclude>
    <ClInclude Include="include\freetype\ftbbox.h">
      <Filter>include\freetype</Filter>
    </ClInclude>
    <ClInclude Include="include\freetype\ftbdf.h">
      <Filter>include\freetype</Filter>
    </ClInclude>
    <ClInclude Include="include\freetype\ftbitmap.h">
      <Filter>include\freetype</Filter>
    </ClInclude>
    <ClInclude Include="include\freetype\ftbzip2.h">
      <Filter>include\freetype</Filter>
    </ClInclude>
    <ClInclude Include="include\freetype\ftcache.h">
      <Filter>include\freetype</Filter>
    </ClInclude>
    <ClInclude Include="include\freetype\ftchapters.h">
      <Filter>include\freetype</Filter>
    </ClInclude>
    <ClInclude Include="include\freetype\ftcid.h">
      <Filter>include\freetype</Filter>
    </ClInclude>
    <ClInclude Include="include\freetype\ftcolor.h">
      <Filter>include\freetype</Filter>
    </ClInclude>
    <ClInclude Include="include\freetype\ftdriver.h">
      <Filter>include\freetype</Filter>
    </ClInclude>
    <ClInclude Include="include\freetype\fterrdef.h">
      <Filter>include\freetype</Filter>
    </ClInclude>
    <ClInclude Include="include\freetype\fterrors.h">
      <Filter>include\freetype</Filter>
    </ClInclude>
    <ClInclude Include="include\freetype\ftfntfmt.h">
      <Filter>include\freetype</Filter>
    </ClInclude>
    <ClInclude Include="include\freetype\ftgasp.h">
      <Filter>include\freetype</Filter>
    </ClInclude>
    <ClInclude Include="include\freetype\ftglyph.h">
      <Filter>include\freetype</Filter>
    </ClInclude>
    <ClInclude Include="include\freetype\ftgxval.h">
      <Filter>include\freetype</Filter>
    </ClInclude>
    <ClInclude Include="include\freetype\ftgzip.h">
      <Filter>include\freetype</Filter>
    </ClInclude>
    <ClInclude Include="include\freetype\ftimage.h">
      <Filter>include\freetype</Filter>
    </ClInclude>
    <ClInclude Include="include\freetype\ftincrem.h">
      <Filter>include\freetype</Filter>
    </ClInclude>
    <ClInclude Include="include\freetype\ftlcdfil.h">
      <Filter>include\freetype</Filter>
    </ClInclude>
    <ClInclude Include="include\freetype\ftlist.h">
      <Filter>include\freetype</Filter>
    </ClInclude>
    <ClInclude Include="include\freetype\ftlzw.h">
      <Filter>include\freetype</Filter>
    </ClInclude>
    <ClInclude Include="include\freetype\ftmac.h">
      <Filter>include\freetype</Filter>
    </ClInclude>
    <ClInclude Include="include\freetype\ftmm.h">
      <Filter>include\freetype</Filter>
    </ClInclude>
    <ClInclude Include="include\freetype\ftmodapi.h">
      <Filter>include\freetype</Filter>
    </ClInclude>
    <ClInclude Include="include\freetype\ftmoderr.h">
      <Filter>include\freetype</Filter>
    </ClInclude>
    <ClInclude Include="include\freetype\ftotval.h">
      <Filter>include\freetype</Filter>
    </ClInclude>
    <ClInclude Include="include\freetype\ftoutln.h">
      <Filter>include\freetype</Filter>
    </ClInclude>
    <ClInclude Include="include\freetype\ftparams.h">
      <Filter>include\freetype</Filter>
    </ClInclude>
    <ClInclude Include="include\freetype\ftpfr.h">
      <Filter>include\freetype</Filter>
    </ClInclude>
    <ClInclude Include="include\freetype\ftrender.h">
      <Filter>include\freetype</Filter>
    </ClInclude>
    <ClInclude Include="include\freetype\ftsizes.h">
      <Filter>include\freetype</Filter>
    </ClInclude>
    <ClInclude Include="include\freetype\ftsnames.h">
      <Filter>include\freetype</Filter>
    </ClInclude>
    <ClInclude Include="include\freetype\ftstroke.h">
      <Filter>include\freetype</Filter>
    </ClInclude>
    <ClInclude Include="include\freetype\ftsynth.h">
      <Filter>include\freetype</Filter>
    </ClInclude>
    <ClInclude Include="include\freetype\ftsystem.h">
      <Filter>include\freetype</Filter>
    </ClInclude>
    <ClInclude Include="include\freetype\fttrigon.h">
      <Filter>include\freetype</Filter>
    </ClInclude>
    <ClInclude Include="include\freetype\fttypes.h">
      <Filter>include\freetype</Filter>
    </ClInclude>
    <ClInclude Include="include\freetype\ftwinfnt.h">
      <Filter>include\freetype</Filter>
    </ClInclude>
    <ClInclude Include="include\freetype\internal\autohint.h">
      <Filter>include\freetype\internal</Filter>
    </ClInclude>
    <ClInclude Include="include\freetype\internal\cffotypes.h">
      <Filter>include\freetype\internal</Filter>
    </ClInclude>
    <ClInclude Include="include\freetype\internal\cfftypes.h">
      <Filter>include\freetype\internal</Filter>
    </ClInclude>
    <ClInclude Include="include\freetype\internal\ftcalc.h">
      <Filter>include\freetype\internal</Filter>
    </ClInclude>
    <ClInclude Include="include\freetype\internal\ftdebug.h">
      <Filter>include\freetype\internal</Filter>
    </ClInclude>
    <ClInclude Include="include\freetype\internal\ftdrv.h">
      <Filter>include\freetype\internal</Filter>
    </ClInclude>
    <ClInclude Include="include\freetype\internal\ftgloadr.h">
      <Filter>include\freetype\internal</Filter>
    </ClInclude>
    <ClInclude Include="include\freetype\internal\fthash.h">
      <Filter>include\freetype\internal</Filter>
    </ClInclude>
    <ClInclude Include="include\freetype\internal\ftmemory.h">
      <Filter>include\freetype\internal</Filter>
    </ClInclude>
    <ClInclude Include="include\freetype\internal\ftobjs.h">
      <Filter>include\freetype\internal</Filter>
    </ClInclude>
    <ClInclude Include="include\freetype\internal\ftpsprop.h">
      <Filter>include\freetype\internal</Filter>
    </ClInclude>
    <ClInclude Include="include\freetype\internal\ftrfork.h">
      <Filter>include\freetype\internal</Filter>
    </ClInclude>
    <ClInclude Include="include\freetype\internal\ftserv.h">
      <Filter>include\freetype\internal</Filter>
    </ClInclude>
    <ClInclude Include="include\freetype\internal\ftstream.h">
      <Filter>include\freetype\internal</Filter>
    </ClInclude>
    <ClInclude Include="include\freetype\internal\fttrace.h">
      <Filter>include\freetype\internal</Filter>
    </ClInclude>
    <ClInclude Include="include\freetype\internal\ftvalid.h">
      <Filter>include\freetype\internal</Filter>
    </ClInclude>
    <ClInclude Include="include\freetype\internal\internal.h">
      <Filter>include\freetype\internal</Filter>
    </ClInclude>
    <ClInclude Include="include\freetype\internal\psaux.h">
      <Filter>include\freetype\internal</Filter>
    </ClInclude>
    <ClInclude Include="include\freetype\internal\pshints.h">
      <Filter>include\freetype\internal</Filter>
    </ClInclude>
    <ClInclude Include="include\freetype\internal\services\svbdf.h">
      <Filter>include\freetype\internal\services</Filter>
    </ClInclude>
    <ClInclude Include="include\freetype\internal\services\svcfftl.h">
      <Filter>include\freetype\internal\services</Filter>
    </ClInclude>
    <ClInclude Include="include\freetype\internal\services\svcid.h">
      <Filter>include\freetype\internal\services</Filter>
    </ClInclude>
    <ClInclude Include="include\freetype\internal\services\svfntfmt.h">
      <Filter>include\freetype\internal\services</Filter>
    </ClInclude>
    <ClInclude Include="include\freetype\internal\services\svgldict.h">
      <Filter>include\freetype\internal\services</Filter>
    </ClInclude>
    <ClInclude Include="include\freetype\internal\services\svgxval.h">
      <Filter>include\freetype\internal\services</Filter>
    </ClInclude>
    <ClInclude Include="include\freetype\internal\services\svkern.h">
      <Filter>include\freetype\internal\services</Filter>
    </ClInclude>
    <ClInclude Include="include\freetype\internal\services\svmetric.h">
      <Filter>include\freetype\internal\services</Filter>
    </ClInclude>
    <ClInclude Include="include\freetype\internal\services\svmm.h">
      <Filter>include\freetype\internal\services</Filter>
    </ClInclude>
    <ClInclude Include="include\freetype\internal\services\svotval.h">
      <Filter>include\freetype\internal\services</Filter>
    </ClInclude>
    <ClInclude Include="include\freetype\internal\services\svpfr.h">
      <Filter>include\freetype\internal\services</Filter>
    </ClInclude>
    <ClInclude Include="include\freetype\internal\services\svpostnm.h">
      <Filter>include\freetype\internal\services</Filter>
    </ClInclude>
    <ClInclude Include="include\freetype\internal\services\svprop.h">
      <Filter>include\freetype\internal\services</Filter>
    </ClInclude>
    <ClInclude Include="include\freetype\internal\services\svpscmap.h">
      <Filter>include\freetype\internal\services</Filter>
    </ClInclude>
    <ClInclude Include="include\freetype\internal\services\svpsinfo.h">
      <Filter>include\freetype\internal\services</Filter>
    </ClInclude>
    <ClInclude Include="include\freetype\internal\services\svsfnt.h">
      <Filter>include\freetype\internal\services</Filter>
    </ClInclude>
    <ClInclude Include="include\freetype\internal\services\svttcmap.h">
      <Filter>include\freetype\internal\services</Filter>
    </ClInclude>
    <ClInclude Include="include\freetype\internal\services\svtteng.h">
      <Filter>include\freetype\internal\services</Filter>
    </ClInclude>
    <ClInclude Include="include\freetype\internal\services\svttglyf.h">
      <Filter>include\freetype\internal\services</Filter>
    </ClInclude>
    <ClInclude Include="include\freetype\internal\services\svwinfnt.h">
      <Filter>include\freetype\internal\services</Filter>
    </ClInclude>
    <ClInclude Include="include\freetype\internal\sfnt.h">
      <Filter>include\freetype\internal</Filter>
    </ClInclude>
    <ClInclude Include="include\freetype\internal\t1types.h">
      <Filter>include\freetype\internal</Filter>
    </ClInclude>
    <ClInclude Include="include\freetype\internal\tttypes.h">
      <Filter>include\freetype\internal</Filter>
    </ClInclude>
    <ClInclude Include="include\freetype\internal\wofftypes.h">
      <Filter>include\freetype\internal</Filter>
    </ClInclude>
    <ClInclude Include="include\freetype\t1tables.h">
      <Filter>include\freetype</Filter>
    </ClInclude>
    <ClInclude Include="include\freetype\ttnameid.h">
      <Filter>include\freetype</Filter>
    </ClInclude>
    <ClInclude Include="include\freetype\tttables.h">
      <Filter>include\freetype</Filter>
    </ClInclude>
    <ClInclude Include="include\freetype\tttags.h">
      <Filter>include\freetype</Filter>
    </ClInclude>
    <ClInclude Include="include\ft2build.h">
      <Filter>include</Filter>
    </ClInclude>
    <ClInclude Include="include\glad\glad.h">
      <Filter>include\glad</Filter>
    </ClInclude>
    <ClInclude Include="include\glm\common.hpp">
      <Filter>include\glm</Filter>
    </ClInclude>
    <ClInclude Include="include\glm\detail\_features.hpp">
      <Filter>include\glm\detail</Filter>
    </ClInclude>
    <ClInclude Include="include\glm\detail\_fixes.hpp">
      <Filter>include\glm\detail</Filter>
    </ClInclude>
    <ClInclude Include="include\glm\detail\_literals.hpp">
      <Filter>include\glm\detail</Filter>
    </ClInclude>
    <ClInclude Include="include\glm\detail\_noise.hpp">
      <Filter>include\glm\detail</Filter>
    </ClInclude>
    <ClInclude Include="include\glm\detail\_swizzle.hpp">
      <Filter>include\glm\detail</Filter>
    </ClInclude>
    <ClInclude Include="include\glm\detail\_swizzle_func.hpp">
      <Filter>include\glm\detail</Filter>
    </ClInclude>
    <ClInclude Include="include\glm\detail\_vectorize.hpp">
      <Filter>include\glm\detail</Filter>
    </ClInclude>
    <ClInclude Include="include\glm\detail\func_common.hpp">
      <Filter>include\glm\detail</Filter>
    </ClInclude>
    <ClInclude Include="include\glm\detail\func_common.inl">
      <Filter>include\glm\detail</Filter>
    </ClInclude>
    <ClInclude Include="include\glm\detail\func_exponential.hpp">
      <Filter>include\glm\detail</Filter>
    </ClInclude>
    <ClInclude Include="include\glm\detail\func_exponential.inl">
      <Filter>include\glm\detail</Filter>
    </ClInclude>
    <ClInclude Include="include\glm\detail\func_geometric.hpp">
      <Filter>include\glm\detail</Filter>
    </ClInclude>
    <ClInclude Include="include\glm\detail\func_geometric.inl">
      <Filter>include\glm\detail</Filter>
    </ClInclude>
    <ClInclude Include="include\glm\detail\func_integer.hpp">
      <Filter>include\glm\detail</Filter>
    </ClInclude>
    <ClInclude Include="include\glm\detail\func_integer.inl">
      <Filter>include\glm\detail</Filter>
    </ClInclude>
    <ClInclude Include="include\glm\detail\func_matrix.hpp">
      <Filter>include\glm\detail</Filter>
    </ClInclude>
    <ClInclude Include="include\glm\detail\func_matrix.inl">
      <Filter>include\glm\detail</Filter>
    </ClInclude>
    <ClInclude Include="include\glm\detail\func_noise.hpp">
      <Filter>include\glm\detail</Filter>
    </ClInclude>
    <ClInclude Include="include\glm\detail\func_noise.inl">
      <Filter>include\glm\detail</Filter>
    </ClInclude>
    <ClInclude Include="include\glm\detail\func_packing.hpp">
      <Filter>include\glm\detail</Filter>
    </ClInclude>
    <ClInclude Include="include\glm\detail\func_packing.inl">
      <Filter>include\glm\detail</Filter>
    </ClInclude>
    <ClInclude Include="include\glm\detail\func_trigonometric.hpp">
      <Filter>include\glm\detail</Filter>
    </ClInclude>
    <ClInclude Include="include\glm\detail\func_trigonometric.inl">
      <Filter>include\glm\detail</Filter>
    </ClInclude>
    <ClInclude Include="include\glm\detail\func_vector_relational.hpp">
      <Filter>include\glm\detail</Filter>
    </ClInclude>
    <ClInclude Include="include\glm\detail\func_vector_relational.inl">
      <Filter>include\glm\detail</Filter>
    </ClInclude>
    <ClInclude Include="include\glm\detail\hint.hpp">
      <Filter>include\glm\detail</Filter>
    </ClInclude>
    <ClInclude Include="include\glm\detail\intrinsic_common.hpp">
      <Filter>include\glm\detail</Filter>
    </ClInclude>
    <ClInclude Include="include\glm\detail\intrinsic_common.inl">
      <Filter>include\glm\detail</Filter>
    </ClInclude>
    <ClInclude Include="include\glm\detail\intrinsic_exponential.hpp">
      <Filter>include\glm\detail</Filter>
    </ClInclude>
    <ClInclude Include="include\glm\detail\intrinsic_exponential.inl">
      <Filter>include\glm\detail</Filter>
    </ClInclude>
    <ClInclude Include="include\glm\detail\intrinsic_geometric.hpp">
      <Filter>include\glm\detail</Filter>
    </ClInclude>
    <ClInclude Include="include\glm\detail\intrinsic_geometric.inl">
      <Filter>include\glm\detail</Filter>
    </ClInclude>
    <ClInclude Include="include\glm\detail\intrinsic_integer.hpp">
      <Filter>include\glm\detail</Filter>
    </ClInclude>
    <ClInclude Include="include\glm\detail\intrinsic_integer.inl">
      <Filter>include\glm\detail</Filter>
    </ClInclude>
    <ClInclude Include="include\glm\detail\intrinsic_matrix.hpp">
      <Filter>include\glm\detail</Filter>
    </ClInclude>
    <ClInclude Include="include\glm\detail\intrinsic_matrix.inl">
      <Filter>include\glm\detail</Filter>
    </ClInclude>
    <ClInclude Include="include\glm\detail\intrinsic_trigonometric.hpp">
      <Filter>include\glm\detail</Filter>
    </ClInclude>
    <ClInclude Include="include\glm\detail\intrinsic_trigonometric.inl">
      <Filter>include\glm\detail</Filter>
    </ClInclude>
    <ClInclude Include="include\glm\detail\intrinsic_vector_relational.hpp">
      <Filter>include\glm\detail</Filter>
    </ClInclude>
    <ClInclude Include="include\glm\detail\intrinsic_vector_relational.inl">
      <Filter>include\glm\detail</Filter>
    </ClInclude>
    <ClInclude Include="include\glm\detail\precision.hpp">
      <Filter>include\glm\detail</Filter>
    </ClInclude>
    <ClInclude Include="include\glm\detail\precision.inl">
      <Filter>include\glm\detail</Filter>
    </ClInclude>
    <ClInclude Include="include\glm\detail\setup.hpp">
      <Filter>include\glm\detail</Filter>
    </ClInclude>
    <ClInclude Include="include\glm\detail\type_float.hpp">
      <Filter>include\glm\detail</Filter>
    </ClInclude>
    <ClInclude Include="include\glm\detail\type_gentype.hpp">
      <Filter>include\glm\detail</Filter>
    </ClInclude>
    <ClInclude Include="include\glm\detail\type_gentype.inl">
      <Filter>include\glm\detail</Filter>
    </ClInclude>
    <ClInclude Include="include\glm\detail\type_half.hpp">
      <Filter>include\glm\detail</Filter>
    </ClInclude>
    <ClInclude Include="include\glm\detail\type_half.inl">
      <Filter>include\glm\detail</Filter>
    </ClInclude>
    <ClInclude Include="include\glm\detail\type_int.hpp">
      <Filter>include\glm\detail</Filter>
    </ClInclude>
    <ClInclude Include="include\glm\detail\type_mat.hpp">
      <Filter>include\glm\detail</Filter>
    </ClInclude>
    <ClInclude Include="include\glm\detail\type_mat.inl">
      <Filter>include\glm\detail</Filter>
    </ClInclude>
    <ClInclude Include="include\glm\detail\type_mat2x2.hpp">
      <Filter>include\glm\detail</Filter>
    </ClInclude>
    <ClInclude Include="include\glm\detail\type_mat2x2.inl">
      <Filter>include\glm\detail</Filter>
    </ClInclude>
    <ClInclude Include="include\glm\detail\type_mat2x3.hpp">
      <Filter>include\glm\detail</Filter>
    </ClInclude>
    <ClInclude Include="include\glm\detail\type_mat2x3.inl">
      <Filter>include\glm\detail</Filter>
    </ClInclude>
    <ClInclude Include="include\glm\detail\type_mat2x4.hpp">
      <Filter>include\glm\detail</Filter>
    </ClInclude>
    <ClInclude Include="include\glm\detail\type_mat2x4.inl">
      <Filter>include\glm\detail</Filter>
    </ClInclude>
    <ClInclude Include="include\glm\detail\type_mat3x2.hpp">
      <Filter>include\glm\detail</Filter>
    </ClInclude>
    <ClInclude Include="include\glm\detail\type_mat3x2.inl">
      <Filter>include\glm\detail</Filter>
    </ClInclude>
    <ClInclude Include="include\glm\detail\type_mat3x3.hpp">
      <Filter>include\glm\detail</Filter>
    </ClInclude>
    <ClInclude Include="include\glm\detail\type_mat3x3.inl">
      <Filter>include\glm\detail</Filter>
    </ClInclude>
    <ClInclude Include="include\glm\detail\type_mat3x4.hpp">
      <Filter>include\glm\detail</Filter>
    </ClInclude>
    <ClInclude Include="include\glm\detail\type_mat3x4.inl">
      <Filter>include\glm\detail</Filter>
    </ClInclude>
    <ClInclude Include="include\glm\detail\type_mat4x2.hpp">
      <Filter>include\glm\detail</Filter>
    </ClInclude>
    <ClInclude Include="include\glm\detail\type_mat4x2.inl">
      <Filter>include\glm\detail</Filter>
    </ClInclude>
    <ClInclude Include="include\glm\detail\type_mat4x3.hpp">
      <Filter>include\glm\detail</Filter>
    </ClInclude>
    <ClInclude Include="include\glm\detail\type_mat4x3.inl">
      <Filter>include\glm\detail</Filter>
    </ClInclude>
    <ClInclude Include="include\glm\detail\type_mat4x4.hpp">
      <Filter>include\glm\detail</Filter>
    </ClInclude>
    <ClInclude Include="include\glm\detail\type_mat4x4.inl">
      <Filter>include\glm\detail</Filter>
    </ClInclude>
    <ClInclude Include="include\glm\detail\type_vec.hpp">
      <Filter>include\glm\detail</Filter>
    </ClInclude>
    <ClInclude Include="include\glm\detail\type_vec.inl">
      <Filter>include\glm\detail</Filter>
    </ClInclude>
    <ClInclude Include="include\glm\detail\type_vec1.hpp">
      <Filter>include\glm\detail</Filter>
    </ClInclude>
    <ClInclude Include="include\glm\detail\type_vec1.inl">
      <Filter>include\glm\detail</Filter>
    </ClInclude>
    <ClInclude Include="include\glm\detail\type_vec2.hpp">
      <Filter>include\glm\detail</Filter>
    </ClInclude>
    <ClInclude Include="include\glm\detail\type_vec2.inl">
      <Filter>include\glm\detail</Filter>
    </ClInclude>
    <ClInclude Include="include\glm\detail\type_vec3.hpp">
      <Filter>include\glm\detail</Filter>
    </ClInclude>
    <ClInclude Include="include\glm\detail\type_vec3.inl">
      <Filter>include\glm\detail</Filter>
    </ClInclude>
    <ClInclude Include="include\glm\detail\type_vec4.hpp">
      <Filter>include\glm\detail</Filter>
    </ClInclude>
    <ClInclude Include="include\glm\detail\type_vec4.inl">
      <Filter>include\glm\detail</Filter>
    </ClInclude>
    <ClInclude Include="include\glm\exponential.hpp">
      <Filter>include\glm</Filter>
    </ClInclude>
    <ClInclude Include="include\glm\ext.hpp">
      <Filter>include\glm</Filter>
    </ClInclude>
    <ClInclude Include="include\glm\fwd.hpp">
      <Filter>include\glm</Filter>
    </ClInclude>
    <ClInclude Include="include\glm\geometric.hpp">
      <Filter>include\glm</Filter>
    </ClInclude>
    <ClInclude Include="include\glm\glm.hpp">
      <Filter>include\glm</Filter>
    </ClInclude>
    <ClInclude Include="include\glm\gtc\constants.hpp">
      <Filter>include\glm\gtc</Filter>
    </ClInclude>
    <ClInclude Include="include\glm\gtc\constants.inl">
      <Filter>include\glm\gtc</Filter>
    </ClInclude>
    <ClInclude Include="include\glm\gtc\epsilon.hpp">
      <Filter>include\glm\gtc</Filter>
    </ClInclude>
    <ClInclude Include="include\glm\gtc\epsilon.inl">
      <Filter>include\glm\gtc</Filter>
    </ClInclude>
    <ClInclude Include="include\glm\gtc\matrix_access.hpp">
      <Filter>include\glm\gtc</Filter>
    </ClInclude>
    <ClInclude Include="include\glm\gtc\matrix_access.inl">
      <Filter>include\glm\gtc</Filter>
    </ClInclude>
    <ClInclude Include="include\glm\gtc\matrix_integer.hpp">
      <Filter>include\glm\gtc</Filter>
    </ClInclude>
    <ClInclude Include="include\glm\gtc\matrix_inverse.hpp">
      <Filter>include\glm\gtc</Filter>
    </ClInclude>
    <ClInclude Include="include\glm\gtc\matrix_inverse.inl">
      <Filter>include\glm\gtc</Filter>
    </ClInclude>
    <ClInclude Include="include\glm\gtc\matrix_transform.hpp">
      <Filter>include\glm\gtc</Filter>
    </ClInclude>
    <ClInclude Include="include\glm\gtc\matrix_transform.inl">
      <Filter>include\glm\gtc</Filter>
    </ClInclude>
    <ClInclude Include="include\glm\gtc\noise.hpp">
      <Filter>include\glm\gtc</Filter>
    </ClInclude>
    <ClInclude Include="include\glm\gtc\noise.inl">
      <Filter>include\glm\gtc</Filter>
    </ClInclude>
    <ClInclude Include="include\glm\gtc\packing.hpp">
      <Filter>include\glm\gtc</Filter>
    </ClInclude>
    <ClInclude Include="include\glm\gtc\packing.inl">
      <Filter>include\glm\gtc</Filter>
    </ClInclude>
    <ClInclude Include="include\glm\gtc\quaternion.hpp">
      <Filter>include\glm\gtc</Filter>
    </ClInclude>
    <ClInclude Include="include\glm\gtc\quaternion.inl">
      <Filter>include\glm\gtc</Filter>
    </ClInclude>
    <ClInclude Include="include\glm\gtc\random.hpp">
      <Filter>include\glm\gtc</Filter>
    </ClInclude>
    <ClInclude Include="include\glm\gtc\random.inl">
      <Filter>include\glm\gtc</Filter>
    </ClInclude>
    <ClInclude Include="include\glm\gtc\reciprocal.hpp">
      <Filter>include\glm\gtc</Filter>
    </ClInclude>
    <ClInclude Include="include\glm\gtc\reciprocal.inl">
      <Filter>include\glm\gtc</Filter>
    </ClInclude>
    <ClInclude Include="include\glm\gtc\type_precision.hpp">
      <Filter>include\glm\gtc</Filter>
    </ClInclude>
    <ClInclude Include="include\glm\gtc\type_precision.inl">
      <Filter>include\glm\gtc</Filter>
    </ClInclude>
    <ClInclude Include="include\glm\gtc\type_ptr.hpp">
      <Filter>include\glm\gtc</Filter>
    </ClInclude>
    <ClInclude Include="include\glm\gtc\type_ptr.inl">
      <Filter>include\glm\gtc</Filter>
    </ClInclude>
    <ClInclude Include="include\glm\gtc\ulp.hpp">
      <Filter>include\glm\gtc</Filter>
    </ClInclude>
    <ClInclude Include="include\glm\gtc\ulp.inl">
      <Filter>include\glm\gtc</Filter>
    </ClInclude>
    <ClInclude Include="include\glm\gtx\associated_min_max.hpp">
      <Filter>include\glm\gtx</Filter>
    </ClInclude>
    <ClInclude Include="include\glm\gtx\associated_min_max.inl">
      <Filter>include\glm\gtx</Filter>
    </ClInclude>
    <ClInclude Include="include\glm\gtx\bit.hpp">
      <Filter>include\glm\gtx</Filter>
    </ClInclude>
    <ClInclude Include="include\glm\gtx\bit.inl">
      <Filter>include\glm\gtx</Filter>
    </ClInclude>
    <ClInclude Include="include\glm\gtx\closest_point.hpp">
      <Filter>include\glm\gtx</Filter>
    </ClInclude>
    <ClInclude Include="include\glm\gtx\closest_point.inl">
      <Filter>include\glm\gtx</Filter>
    </ClInclude>
    <ClInclude Include="include\glm\gtx\color_space.hpp">
      <Filter>include\glm\gtx</Filter>
    </ClInclude>
    <ClInclude Include="include\glm\gtx\color_space.inl">
      <Filter>include\glm\gtx</Filter>
    </ClInclude>
    <ClInclude Include="include\glm\gtx\color_space_YCoCg.hpp">
      <Filter>include\glm\gtx</Filter>
    </ClInclude>
    <ClInclude Include="include\glm\gtx\color_space_YCoCg.inl">
      <Filter>include\glm\gtx</Filter>
    </ClInclude>
    <ClInclude Include="include\glm\gtx\compatibility.hpp">
      <Filter>include\glm\gtx</Filter>
    </ClInclude>
    <ClInclude Include="include\glm\gtx\compatibility.inl">
      <Filter>include\glm\gtx</Filter>
    </ClInclude>
    <ClInclude Include="include\glm\gtx\component_wise.hpp">
      <Filter>include\glm\gtx</Filter>
    </ClInclude>
    <ClInclude Include="include\glm\gtx\component_wise.inl">
      <Filter>include\glm\gtx</Filter>
    </ClInclude>
    <ClInclude Include="include\glm\gtx\constants.hpp">
      <Filter>include\glm\gtx</Filter>
    </ClInclude>
    <ClInclude Include="include\glm\gtx\dual_quaternion.hpp">
      <Filter>include\glm\gtx</Filter>
    </ClInclude>
    <ClInclude Include="include\glm\gtx\dual_quaternion.inl">
      <Filter>include\glm\gtx</Filter>
    </ClInclude>
    <ClInclude Include="include\glm\gtx\epsilon.hpp">
      <Filter>include\glm\gtx</Filter>
    </ClInclude>
    <ClInclude Include="include\glm\gtx\euler_angles.hpp">
      <Filter>include\glm\gtx</Filter>
    </ClInclude>
    <ClInclude Include="include\glm\gtx\euler_angles.inl">
      <Filter>include\glm\gtx</Filter>
    </ClInclude>
    <ClInclude Include="include\glm\gtx\extend.hpp">
      <Filter>include\glm\gtx</Filter>
    </ClInclude>
    <ClInclude Include="include\glm\gtx\extend.inl">
      <Filter>include\glm\gtx</Filter>
    </ClInclude>
    <ClInclude Include="include\glm\gtx\extented_min_max.hpp">
      <Filter>include\glm\gtx</Filter>
    </ClInclude>
    <ClInclude Include="include\glm\gtx\extented_min_max.inl">
      <Filter>include\glm\gtx</Filter>
    </ClInclude>
    <ClInclude Include="include\glm\gtx\fast_exponential.hpp">
      <Filter>include\glm\gtx</Filter>
    </ClInclude>
    <ClInclude Include="include\glm\gtx\fast_exponential.inl">
      <Filter>include\glm\gtx</Filter>
    </ClInclude>
    <ClInclude Include="include\glm\gtx\fast_square_root.hpp">
      <Filter>include\glm\gtx</Filter>
    </ClInclude>
    <ClInclude Include="include\glm\gtx\fast_square_root.inl">
      <Filter>include\glm\gtx</Filter>
    </ClInclude>
    <ClInclude Include="include\glm\gtx\fast_trigonometry.hpp">
      <Filter>include\glm\gtx</Filter>
    </ClInclude>
    <ClInclude Include="include\glm\gtx\fast_trigonometry.inl">
      <Filter>include\glm\gtx</Filter>
    </ClInclude>
    <ClInclude Include="include\glm\gtx\gradient_paint.hpp">
      <Filter>include\glm\gtx</Filter>
    </ClInclude>
    <ClInclude Include="include\glm\gtx\gradient_paint.inl">
      <Filter>include\glm\gtx</Filter>
    </ClInclude>
    <ClInclude Include="include\glm\gtx\handed_coordinate_space.hpp">
      <Filter>include\glm\gtx</Filter>
    </ClInclude>
    <ClInclude Include="include\glm\gtx\handed_coordinate_space.inl">
      <Filter>include\glm\gtx</Filter>
    </ClInclude>
    <ClInclude Include="include\glm\gtx\inertia.hpp">
      <Filter>include\glm\gtx</Filter>
    </ClInclude>
    <ClInclude Include="include\glm\gtx\inertia.inl">
      <Filter>include\glm\gtx</Filter>
    </ClInclude>
    <ClInclude Include="include\glm\gtx\int_10_10_10_2.hpp">
      <Filter>include\glm\gtx</Filter>
    </ClInclude>
    <ClInclude Include="include\glm\gtx\int_10_10_10_2.inl">
      <Filter>include\glm\gtx</Filter>
    </ClInclude>
    <ClInclude Include="include\glm\gtx\integer.hpp">
      <Filter>include\glm\gtx</Filter>
    </ClInclude>
    <ClInclude Include="include\glm\gtx\integer.inl">
      <Filter>include\glm\gtx</Filter>
    </ClInclude>
    <ClInclude Include="include\glm\gtx\intersect.hpp">
      <Filter>include\glm\gtx</Filter>
    </ClInclude>
    <ClInclude Include="include\glm\gtx\intersect.inl">
      <Filter>include\glm\gtx</Filter>
    </ClInclude>
    <ClInclude Include="include\glm\gtx\io.hpp">
      <Filter>include\glm\gtx</Filter>
    </ClInclude>
    <ClInclude Include="include\glm\gtx\io.inl">
      <Filter>include\glm\gtx</Filter>
    </ClInclude>
    <ClInclude Include="include\glm\gtx\log_base.hpp">
      <Filter>include\glm\gtx</Filter>
    </ClInclude>
    <ClInclude Include="include\glm\gtx\log_base.inl">
      <Filter>include\glm\gtx</Filter>
    </ClInclude>
    <ClInclude Include="include\glm\gtx\matrix_cross_product.hpp">
      <Filter>include\glm\gtx</Filter>
    </ClInclude>
    <ClInclude Include="include\glm\gtx\matrix_cross_product.inl">
      <Filter>include\glm\gtx</Filter>
    </ClInclude>
    <ClInclude Include="include\glm\gtx\matrix_interpolation.hpp">
      <Filter>include\glm\gtx</Filter>
    </ClInclude>
    <ClInclude Include="include\glm\gtx\matrix_interpolation.inl">
      <Filter>include\glm\gtx</Filter>
    </ClInclude>
    <ClInclude Include="include\glm\gtx\matrix_major_storage.hpp">
      <Filter>include\glm\gtx</Filter>
    </ClInclude>
    <ClInclude Include="include\glm\gtx\matrix_major_storage.inl">
      <Filter>include\glm\gtx</Filter>
    </ClInclude>
    <ClInclude Include="include\glm\gtx\matrix_operation.hpp">
      <Filter>include\glm\gtx</Filter>
    </ClInclude>
    <ClInclude Include="include\glm\gtx\matrix_operation.inl">
      <Filter>include\glm\gtx</Filter>
    </ClInclude>
    <ClInclude Include="include\glm\gtx\matrix_query.hpp">
      <Filter>include\glm\gtx</Filter>
    </ClInclude>
    <ClInclude Include="include\glm\gtx\matrix_query.inl">
      <Filter>include\glm\gtx</Filter>
    </ClInclude>
    <ClInclude Include="include\glm\gtx\matrix_transform_2d.hpp">
      <Filter>include\glm\gtx</Filter>
    </ClInclude>
    <ClInclude Include="include\glm\gtx\matrix_transform_2d.inl">
      <Filter>include\glm\gtx</Filter>
    </ClInclude>
    <ClInclude Include="include\glm\gtx\mixed_product.hpp">
      <Filter>include\glm\gtx</Filter>
    </ClInclude>
    <ClInclude Include="include\glm\gtx\mixed_product.inl">
      <Filter>include\glm\gtx</Filter>
    </ClInclude>
    <ClInclude Include="include\glm\gtx\multiple.hpp">
      <Filter>include\glm\gtx</Filter>
    </ClInclude>
    <ClInclude Include="include\glm\gtx\multiple.inl">
      <Filter>include\glm\gtx</Filter>
    </ClInclude>
    <ClInclude Include="include\glm\gtx\noise.hpp">
      <Filter>include\glm\gtx</Filter>
    </ClInclude>
    <ClInclude Include="include\glm\gtx\norm.hpp">
      <Filter>include\glm\gtx</Filter>
    </ClInclude>
    <ClInclude Include="include\glm\gtx\norm.inl">
      <Filter>include\glm\gtx</Filter>
    </ClInclude>
    <ClInclude Include="include\glm\gtx\normal.hpp">
      <Filter>include\glm\gtx</Filter>
    </ClInclude>
    <ClInclude Include="include\glm\gtx\normal.inl">
      <Filter>include\glm\gtx</Filter>
    </ClInclude>
    <ClInclude Include="include\glm\gtx\normalize_dot.hpp">
      <Filter>include\glm\gtx</Filter>
    </ClInclude>
    <ClInclude Include="include\glm\gtx\normalize_dot.inl">
      <Filter>include\glm\gtx</Filter>
    </ClInclude>
    <ClInclude Include="include\glm\gtx\number_precision.hpp">
      <Filter>include\glm\gtx</Filter>
    </ClInclude>
    <ClInclude Include="include\glm\gtx\number_precision.inl">
      <Filter>include\glm\gtx</Filter>
    </ClInclude>
    <ClInclude Include="include\glm\gtx\optimum_pow.hpp">
      <Filter>include\glm\gtx</Filter>
    </ClInclude>
    <ClInclude Include="include\glm\gtx\optimum_pow.inl">
      <Filter>include\glm\gtx</Filter>
    </ClInclude>
    <ClInclude Include="include\glm\gtx\orthonormalize.hpp">
      <Filter>include\glm\gtx</Filter>
    </ClInclude>
    <ClInclude Include="include\glm\gtx\orthonormalize.inl">
      <Filter>include\glm\gtx</Filter>
    </ClInclude>
    <ClInclude Include="include\glm\gtx\perpendicular.hpp">
      <Filter>include\glm\gtx</Filter>
    </ClInclude>
    <ClInclude Include="include\glm\gtx\perpendicular.inl">
      <Filter>include\glm\gtx</Filter>
    </ClInclude>
    <ClInclude Include="include\glm\gtx\polar_coordinates.hpp">
      <Filter>include\glm\gtx</Filter>
    </ClInclude>
    <ClInclude Include="include\glm\gtx\polar_coordinates.inl">
      <Filter>include\glm\gtx</Filter>
    </ClInclude>
    <ClInclude Include="include\glm\gtx\projection.hpp">
      <Filter>include\glm\gtx</Filter>
    </ClInclude>
    <ClInclude Include="include\glm\gtx\projection.inl">
      <Filter>include\glm\gtx</Filter>
    </ClInclude>
    <ClInclude Include="include\glm\gtx\quaternion.hpp">
      <Filter>include\glm\gtx</Filter>
    </ClInclude>
    <ClInclude Include="include\glm\gtx\quaternion.inl">
      <Filter>include\glm\gtx</Filter>
    </ClInclude>
    <ClInclude Include="include\glm\gtx\random.hpp">
      <Filter>include\glm\gtx</Filter>
    </ClInclude>
    <ClInclude Include="include\glm\gtx\raw_data.hpp">
      <Filter>include\glm\gtx</Filter>
    </ClInclude>
    <ClInclude Include="include\glm\gtx\raw_data.inl">
      <Filter>include\glm\gtx</Filter>
    </ClInclude>
    <ClInclude Include="include\glm\gtx\reciprocal.hpp">
      <Filter>include\glm\gtx</Filter>
    </ClInclude>
    <ClInclude Include="include\glm\gtx\rotate_normalized_axis.hpp">
      <Filter>include\glm\gtx</Filter>
    </ClInclude>
    <ClInclude Include="include\glm\gtx\rotate_normalized_axis.inl">
      <Filter>include\glm\gtx</Filter>
    </ClInclude>
    <ClInclude Include="include\glm\gtx\rotate_vector.hpp">
      <Filter>include\glm\gtx</Filter>
    </ClInclude>
    <ClInclude Include="include\glm\gtx\rotate_vector.inl">
      <Filter>include\glm\gtx</Filter>
    </ClInclude>
    <ClInclude Include="include\glm\gtx\scalar_relational.hpp">
      <Filter>include\glm\gtx</Filter>
    </ClInclude>
    <ClInclude Include="include\glm\gtx\scalar_relational.inl">
      <Filter>include\glm\gtx</Filter>
    </ClInclude>
    <ClInclude Include="include\glm\gtx\simd_mat4.hpp">
      <Filter>include\glm\gtx</Filter>
    </ClInclude>
    <ClInclude Include="include\glm\gtx\simd_mat4.inl">
      <Filter>include\glm\gtx</Filter>
    </ClInclude>
    <ClInclude Include="include\glm\gtx\simd_quat.hpp">
      <Filter>include\glm\gtx</Filter>
    </ClInclude>
    <ClInclude Include="include\glm\gtx\simd_quat.inl">
      <Filter>include\glm\gtx</Filter>
    </ClInclude>
    <ClInclude Include="include\glm\gtx\simd_vec4.hpp">
      <Filter>include\glm\gtx</Filter>
    </ClInclude>
    <ClInclude Include="include\glm\gtx\simd_vec4.inl">
      <Filter>include\glm\gtx</Filter>
    </ClInclude>
    <ClInclude Include="include\glm\gtx\spline.hpp">
      <Filter>include\glm\gtx</Filter>
    </ClInclude>
    <ClInclude Include="include\glm\gtx\spline.inl">
      <Filter>include\glm\gtx</Filter>
    </ClInclude>
    <ClInclude Include="include\glm\gtx\std_based_type.hpp">
      <Filter>include\glm\gtx</Filter>
    </ClInclude>
    <ClInclude Include="include\glm\gtx\std_based_type.inl">
      <Filter>include\glm\gtx</Filter>
    </ClInclude>
    <ClInclude Include="include\glm\gtx\string_cast.hpp">
      <Filter>include\glm\gtx</Filter>
    </ClInclude>
    <ClInclude Include="include\glm\gtx\string_cast.inl">
      <Filter>include\glm\gtx</Filter>
    </ClInclude>
    <ClInclude Include="include\glm\gtx\transform.hpp">
      <Filter>include\glm\gtx</Filter>
    </ClInclude>
    <ClInclude Include="include\glm\gtx\transform.inl">
      <Filter>include\glm\gtx</Filter>
    </ClInclude>
    <ClInclude Include="include\glm\gtx\transform2.hpp">
      <Filter>include\glm\gtx</Filter>
    </ClInclude>
    <ClInclude Include="include\glm\gtx\transform2.inl">
      <Filter>include\glm\gtx</Filter>
    </ClInclude>
    <ClInclude Include="include\glm\gtx\ulp.hpp">
      <Filter>include\glm\gtx</Filter>
    </ClInclude>
    <ClInclude Include="include\glm\gtx\unsigned_int.hpp">
      <Filter>include\glm\gtx</Filter>
    </ClInclude>
    <ClInclude Include="include\glm\gtx\unsigned_int.inl">
      <Filter>include\glm\gtx</Filter>
    </ClInclude>
    <ClInclude Include="include\glm\gtx\vec1.hpp">
      <Filter>include\glm\gtx</Filter>
    </ClInclude>
    <ClInclude Include="include\glm\gtx\vec1.inl">
      <Filter>include\glm\gtx</Filter>
    </ClInclude>
    <ClInclude Include="include\glm\gtx\vector_angle.hpp">
      <Filter>include\glm\gtx</Filter>
    </ClInclude>
    <ClInclude Include="include\glm\gtx\vector_angle.inl">
      <Filter>include\glm\gtx</Filter>
    </ClInclude>
    <ClInclude Include="include\glm\gtx\vector_query.hpp">
      <Filter>include\glm\gtx</Filter>
    </ClInclude>
    <ClInclude Include="include\glm\gtx\vector_query.inl">
      <Filter>include\glm\gtx</Filter>
    </ClInclude>
    <ClInclude Include="include\glm\gtx\wrap.hpp">
      <Filter>include\glm\gtx</Filter>
    </ClInclude>
    <ClInclude Include="include\glm\gtx\wrap.inl">
      <Filter>include\glm\gtx</Filter>
    </ClInclude>
    <ClInclude Include="include\glm\integer.hpp">
      <Filter>include\glm</Filter>
    </ClInclude>
    <ClInclude Include="include\glm\mat2x2.hpp">
      <Filter>include\glm</Filter>
    </ClInclude>
    <ClInclude Include="include\glm\mat2x3.hpp">
      <Filter>include\glm</Filter>
    </ClInclude>
    <ClInclude Include="include\glm\mat2x4.hpp">
      <Filter>include\glm</Filter>
    </ClInclude>
    <ClInclude Include="include\glm\mat3x2.hpp">
      <Filter>include\glm</Filter>
    </ClInclude>
    <ClInclude Include="include\glm\mat3x3.hpp">
      <Filter>include\glm</Filter>
    </ClInclude>
    <ClInclude Include="include\glm\mat3x4.hpp">
      <Filter>include\glm</Filter>
    </ClInclude>
    <ClInclude Include="include\glm\mat4x2.hpp">
      <Filter>include\glm</Filter>
    </ClInclude>
    <ClInclude Include="include\glm\mat4x3.hpp">
      <Filter>include\glm</Filter>
    </ClInclude>
    <ClInclude Include="include\glm\mat4x4.hpp">
      <Filter>include\glm</Filter>
    </ClInclude>
    <ClInclude Include="include\glm\matrix.hpp">
      <Filter>include\glm</Filter>
    </ClInclude>
    <ClInclude Include="include\glm\out\build\x64-Debug\CMakeFiles\ShowIncludes\foo.h">
      <Filter>include\glm\out\build\x64-Debug\CMakeFiles\ShowIncludes</Filter>
    </ClInclude>
    <ClInclude Include="include\glm\packing.hpp">
      <Filter>include\glm</Filter>
    </ClInclude>
    <ClInclude Include="include\glm\trigonometric.hpp">
      <Filter>include\glm</Filter>
    </ClInclude>
    <ClInclude Include="include\glm\vec2.hpp">
      <Filter>include\glm</Filter>
    </ClInclude>
    <ClInclude Include="include\glm\vec3.hpp">
      <Filter>include\glm</Filter>
    </ClInclude>
    <ClInclude Include="include\glm\vec4.hpp">
      <Filter>include\glm</Filter>
    </ClInclude>
    <ClInclude Include="include\glm\vector_relational.hpp">
      <Filter>include\glm</Filter>
    </ClInclude>
    <ClInclude Include="include\sigslot\signal.hpp">
      <Filter>include\sigslot</Filter>
    </ClInclude>
    <ClInclude Include="include\Config.h" />
    <ClInclude Include="include\Core.h" />
  </ItemGroup>
  <ItemGroup>
    <ClCompile Include="include\Shader.cpp">
      <Filter>include</Filter>
    </ClCompile>
    <ClCompile Include="include\ShapeRenderer.cpp">
      <Filter>include</Filter>
    </ClCompile>
    <ClCompile Include="include\TextRenderer.cpp">
      <Filter>include</Filter>
    </ClCompile>
    <ClCompile Include="include\Widget.cpp">
      <Filter>include</Filter>
    </ClCompile>
    <ClCompile Include="include\glm\detail\glm.cpp">
      <Filter>include\glm\detail</Filter>
    </ClCompile>
    <ClCompile Include="src\IOSingleton04.cpp">
      <Filter>src</Filter>
    </ClCompile>
    <ClCompile Include="include\glad.c" />
  </ItemGroup>
  <ItemGroup>
    <Library Include="include\freetype.lib" />
    <Library Include="include\glfw3.lib" />
  </ItemGroup>
</Project>